
Microsoft Visual Studio Solution File, Format Version 12.00
# Visual Studio Version 16
VisualStudioVersion = 16.0.30503.244
MinimumVisualStudioVersion = 10.0.40219.1
Project("{FAE04EC0-301F-11D3-BF4B-00C04F79EFBC}") = "AspCoreTeste31", "AspCoreTeste31.csproj", "{98DD5A62-05D7-46C0-A41F-0DFD188F52A4}"
EndProject
Global
	GlobalSection(SolutionConfigurationPlatforms) = preSolution
		Debug|Any CPU = Debug|Any CPU
		Release|Any CPU = Release|Any CPU
	EndGlobalSection
	GlobalSection(ProjectConfigurationPlatforms) = postSolution
		{98DD5A62-05D7-46C0-A41F-0DFD188F52A4}.Debug|Any CPU.ActiveCfg = Debug|Any CPU
		{98DD5A62-05D7-46C0-A41F-0DFD188F52A4}.Debug|Any CPU.Build.0 = Debug|Any CPU
		{98DD5A62-05D7-46C0-A41F-0DFD188F52A4}.Release|Any CPU.ActiveCfg = Release|Any CPU
		{98DD5A62-05D7-46C0-A41F-0DFD188F52A4}.Release|Any CPU.Build.0 = Release|Any CPU
	EndGlobalSection
	GlobalSection(SolutionProperties) = preSolution
		HideSolutionNode = FALSE
	EndGlobalSection
	GlobalSection(ExtensibilityGlobals) = postSolution
		SolutionGuid = {2579350B-2771-4108-8D72-E2067E36E2BF}
	EndGlobalSection
EndGlobal
